
Microsoft Visual Studio Solution File, Format Version 12.00
# Visual Studio Version 16
VisualStudioVersion = 16.0.29519.87
MinimumVisualStudioVersion = 10.0.40219.1
Project("{2150E333-8FDC-42A3-9474-1A3956D46DE8}") = "Src", "Src", "{34F2A8DC-6403-44F4-A81D-235A6D57C562}"
EndProject
Project("{2150E333-8FDC-42A3-9474-1A3956D46DE8}") = "Tests", "Tests", "{AC0DB1DB-5F9E-4A6E-A33E-6DE10BC62409}"
EndProject
Project("{9A19103F-16F7-4668-BE54-9A1E7A4F7556}") = "CarSale.CodeChallenge.Shared", "Src\CarSale.CodeChallenge.Shared\CarSale.CodeChallenge.Shared.csproj", "{3EA5BC3C-1F11-425E-AD2E-989583EBE174}"
EndProject
Project("{9A19103F-16F7-4668-BE54-9A1E7A4F7556}") = "CarSale.CodeChallenge.Domain.Test", "Tests\CarSale.CodeChallenge.Domain.Test\CarSale.CodeChallenge.Domain.Test.csproj", "{AB2B0AD2-B42B-47D7-BE8F-F8438FF7E67E}"
EndProject
Project("{9A19103F-16F7-4668-BE54-9A1E7A4F7556}") = "CarSale.CodeChallenge.Domain", "Src\CarSale.CodeChallenge.Domain\CarSale.CodeChallenge.Domain.csproj", "{2B0F5D09-D581-449C-AD58-808261980F05}"
EndProject
Project("{9A19103F-16F7-4668-BE54-9A1E7A4F7556}") = "CarSale.CodeChallenge.Database", "Src\CarSale.CodeChallenge.Database\CarSale.CodeChallenge.Database.csproj", "{4CA03DAD-DC3D-4CCE-9EC9-6D83F49D3982}"
EndProject
Project("{9A19103F-16F7-4668-BE54-9A1E7A4F7556}") = "CarSale.CodeChallenge.Client", "Src\CarSale.CodeChallenge.Client\CarSale.CodeChallenge.Client.csproj", "{7C965A9C-F62B-49A2-9981-7752CC7CB9D3}"
EndProject
Global
	GlobalSection(SolutionConfigurationPlatforms) = preSolution
		Debug|Any CPU = Debug|Any CPU
		Release|Any CPU = Release|Any CPU
	EndGlobalSection
	GlobalSection(ProjectConfigurationPlatforms) = postSolution
		{3EA5BC3C-1F11-425E-AD2E-989583EBE174}.Debug|Any CPU.ActiveCfg = Debug|Any CPU
		{3EA5BC3C-1F11-425E-AD2E-989583EBE174}.Debug|Any CPU.Build.0 = Debug|Any CPU
		{3EA5BC3C-1F11-425E-AD2E-989583EBE174}.Release|Any CPU.ActiveCfg = Release|Any CPU
		{3EA5BC3C-1F11-425E-AD2E-989583EBE174}.Release|Any CPU.Build.0 = Release|Any CPU
		{AB2B0AD2-B42B-47D7-BE8F-F8438FF7E67E}.Debug|Any CPU.ActiveCfg = Debug|Any CPU
		{AB2B0AD2-B42B-47D7-BE8F-F8438FF7E67E}.Debug|Any CPU.Build.0 = Debug|Any CPU
		{AB2B0AD2-B42B-47D7-BE8F-F8438FF7E67E}.Release|Any CPU.ActiveCfg = Release|Any CPU
		{AB2B0AD2-B42B-47D7-BE8F-F8438FF7E67E}.Release|Any CPU.Build.0 = Release|Any CPU
		{2B0F5D09-D581-449C-AD58-808261980F05}.Debug|Any CPU.ActiveCfg = Debug|Any CPU
		{2B0F5D09-D581-449C-AD58-808261980F05}.Debug|Any CPU.Build.0 = Debug|Any CPU
		{2B0F5D09-D581-449C-AD58-808261980F05}.Release|Any CPU.ActiveCfg = Release|Any CPU
		{2B0F5D09-D581-449C-AD58-808261980F05}.Release|Any CPU.Build.0 = Release|Any CPU
		{4CA03DAD-DC3D-4CCE-9EC9-6D83F49D3982}.Debug|Any CPU.ActiveCfg = Debug|Any CPU
		{4CA03DAD-DC3D-4CCE-9EC9-6D83F49D3982}.Debug|Any CPU.Build.0 = Debug|Any CPU
		{4CA03DAD-DC3D-4CCE-9EC9-6D83F49D3982}.Release|Any CPU.ActiveCfg = Release|Any CPU
		{4CA03DAD-DC3D-4CCE-9EC9-6D83F49D3982}.Release|Any CPU.Build.0 = Release|Any CPU
		{7C965A9C-F62B-49A2-9981-7752CC7CB9D3}.Debug|Any CPU.ActiveCfg = Debug|Any CPU
		{7C965A9C-F62B-49A2-9981-7752CC7CB9D3}.Debug|Any CPU.Build.0 = Debug|Any CPU
		{7C965A9C-F62B-49A2-9981-7752CC7CB9D3}.Release|Any CPU.ActiveCfg = Release|Any CPU
		{7C965A9C-F62B-49A2-9981-7752CC7CB9D3}.Release|Any CPU.Build.0 = Release|Any CPU
	EndGlobalSection
	GlobalSection(SolutionProperties) = preSolution
		HideSolutionNode = FALSE
	EndGlobalSection
	GlobalSection(NestedProjects) = preSolution
		{3EA5BC3C-1F11-425E-AD2E-989583EBE174} = {34F2A8DC-6403-44F4-A81D-235A6D57C562}
		{AB2B0AD2-B42B-47D7-BE8F-F8438FF7E67E} = {AC0DB1DB-5F9E-4A6E-A33E-6DE10BC62409}
		{2B0F5D09-D581-449C-AD58-808261980F05} = {34F2A8DC-6403-44F4-A81D-235A6D57C562}
		{4CA03DAD-DC3D-4CCE-9EC9-6D83F49D3982} = {34F2A8DC-6403-44F4-A81D-235A6D57C562}
		{7C965A9C-F62B-49A2-9981-7752CC7CB9D3} = {34F2A8DC-6403-44F4-A81D-235A6D57C562}
	EndGlobalSection
	GlobalSection(ExtensibilityGlobals) = postSolution
		SolutionGuid = {F92B41B6-2AA8-4A0F-B63E-8011E8D58BAF}
	EndGlobalSection
EndGlobal
